
Microsoft Visual Studio Solution File, Format Version 12.00
# Visual Studio Version 17
VisualStudioVersion = 17.14.36401.2
MinimumVisualStudioVersion = 10.0.40219.1
Project("{2150E333-8FDC-42A3-9474-1A3956D46DE8}") = "unidad01", "unidad01", "{02EA681E-C7D8-13C7-8484-4AC65E1B71E8}"
EndProject
Project("{2150E333-8FDC-42A3-9474-1A3956D46DE8}") = "unidad02", "unidad02", "{9C09E932-667E-400A-8A45-2C3E6F28D307}"
EndProject
Project("{2150E333-8FDC-42A3-9474-1A3956D46DE8}") = "unidad03", "unidad03", "{5B63EDAD-B550-4622-9C48-66AEAC545BD0}"
EndProject
Project("{2150E333-8FDC-42A3-9474-1A3956D46DE8}") = "unidad04", "unidad04", "{673540A0-1C19-4266-9CE5-83432070ED31}"
EndProject
Project("{2150E333-8FDC-42A3-9474-1A3956D46DE8}") = "unidad05", "unidad05", "{274F8A38-1178-49F3-8059-ABFFF8AFDBC1}"
EndProject
Project("{2150E333-8FDC-42A3-9474-1A3956D46DE8}") = "clase1", "clase1", "{EB34675E-63B2-48BA-8CC5-4EBAC11EFCC5}"
EndProject
Project("{FAE04EC0-301F-11D3-BF4B-00C04F79EFBC}") = "ConsoleApp1", "ConsoleApp1\ConsoleApp1.csproj", "{623DF92A-6A41-4969-9D07-3734132C1F99}"
EndProject
Project("{FAE04EC0-301F-11D3-BF4B-00C04F79EFBC}") = "ConsoleApp2", "ConsoleApp2\ConsoleApp2.csproj", "{4F03E9E0-B83B-44C9-89EE-7FEA589B283C}"
EndProject
Project("{FAE04EC0-301F-11D3-BF4B-00C04F79EFBC}") = "ConsoleApp3", "ConsoleApp3\ConsoleApp3.csproj", "{2AEA6F07-FA3C-4C26-B6E7-ECB8367177B1}"
EndProject
Project("{2150E333-8FDC-42A3-9474-1A3956D46DE8}") = "clase02", "clase02", "{32BE0156-B968-449A-A708-FD09530662DA}"
EndProject
Project("{FAE04EC0-301F-11D3-BF4B-00C04F79EFBC}") = "ConsoleApp4", "ConsoleApp4\ConsoleApp4.csproj", "{3776BD19-7DEA-429A-80A4-37DBF3D69FBF}"
EndProject
Project("{FAE04EC0-301F-11D3-BF4B-00C04F79EFBC}") = "MediCare_Labs", "MediCare_Labs\MediCare_Labs.csproj", "{D6413799-551B-41AC-90E7-D9B41EA3AC4F}"
EndProject
Project("{FAE04EC0-301F-11D3-BF4B-00C04F79EFBC}") = "WinFormsApp1", "WinFormsApp1\WinFormsApp1.csproj", "{74834360-7D3F-4B0A-A729-0A2503AD28B8}"
EndProject
Project("{2150E333-8FDC-42A3-9474-1A3956D46DE8}") = "clase03", "clase03", "{3E4B49C7-EFCF-4377-BABF-7647AAEA670A}"
EndProject
Project("{FAE04EC0-301F-11D3-BF4B-00C04F79EFBC}") = "escritorio01", "escritorio01\escritorio01.csproj", "{E0818A24-162B-4F34-9EBC-C218E310036A}"
EndProject
Global
	GlobalSection(SolutionConfigurationPlatforms) = preSolution
		Debug|Any CPU = Debug|Any CPU
		Release|Any CPU = Release|Any CPU
	EndGlobalSection
	GlobalSection(ProjectConfigurationPlatforms) = postSolution
		{623DF92A-6A41-4969-9D07-3734132C1F99}.Debug|Any CPU.ActiveCfg = Debug|Any CPU
		{623DF92A-6A41-4969-9D07-3734132C1F99}.Debug|Any CPU.Build.0 = Debug|Any CPU
		{623DF92A-6A41-4969-9D07-3734132C1F99}.Release|Any CPU.ActiveCfg = Release|Any CPU
		{623DF92A-6A41-4969-9D07-3734132C1F99}.Release|Any CPU.Build.0 = Release|Any CPU
		{4F03E9E0-B83B-44C9-89EE-7FEA589B283C}.Debug|Any CPU.ActiveCfg = Debug|Any CPU
		{4F03E9E0-B83B-44C9-89EE-7FEA589B283C}.Debug|Any CPU.Build.0 = Debug|Any CPU
		{4F03E9E0-B83B-44C9-89EE-7FEA589B283C}.Release|Any CPU.ActiveCfg = Release|Any CPU
		{4F03E9E0-B83B-44C9-89EE-7FEA589B283C}.Release|Any CPU.Build.0 = Release|Any CPU
		{2AEA6F07-FA3C-4C26-B6E7-ECB8367177B1}.Debug|Any CPU.ActiveCfg = Debug|Any CPU
		{2AEA6F07-FA3C-4C26-B6E7-ECB8367177B1}.Debug|Any CPU.Build.0 = Debug|Any CPU
		{2AEA6F07-FA3C-4C26-B6E7-ECB8367177B1}.Release|Any CPU.ActiveCfg = Release|Any CPU
		{2AEA6F07-FA3C-4C26-B6E7-ECB8367177B1}.Release|Any CPU.Build.0 = Release|Any CPU
		{3776BD19-7DEA-429A-80A4-37DBF3D69FBF}.Debug|Any CPU.ActiveCfg = Debug|Any CPU
		{3776BD19-7DEA-429A-80A4-37DBF3D69FBF}.Debug|Any CPU.Build.0 = Debug|Any CPU
		{3776BD19-7DEA-429A-80A4-37DBF3D69FBF}.Release|Any CPU.ActiveCfg = Release|Any CPU
		{3776BD19-7DEA-429A-80A4-37DBF3D69FBF}.Release|Any CPU.Build.0 = Release|Any CPU
		{D6413799-551B-41AC-90E7-D9B41EA3AC4F}.Debug|Any CPU.ActiveCfg = Debug|Any CPU
		{D6413799-551B-41AC-90E7-D9B41EA3AC4F}.Debug|Any CPU.Build.0 = Debug|Any CPU
		{D6413799-551B-41AC-90E7-D9B41EA3AC4F}.Release|Any CPU.ActiveCfg = Release|Any CPU
		{D6413799-551B-41AC-90E7-D9B41EA3AC4F}.Release|Any CPU.Build.0 = Release|Any CPU
		{74834360-7D3F-4B0A-A729-0A2503AD28B8}.Debug|Any CPU.ActiveCfg = Debug|Any CPU
		{74834360-7D3F-4B0A-A729-0A2503AD28B8}.Debug|Any CPU.Build.0 = Debug|Any CPU
		{74834360-7D3F-4B0A-A729-0A2503AD28B8}.Release|Any CPU.ActiveCfg = Release|Any CPU
		{74834360-7D3F-4B0A-A729-0A2503AD28B8}.Release|Any CPU.Build.0 = Release|Any CPU
		{E0818A24-162B-4F34-9EBC-C218E310036A}.Debug|Any CPU.ActiveCfg = Debug|Any CPU
		{E0818A24-162B-4F34-9EBC-C218E310036A}.Debug|Any CPU.Build.0 = Debug|Any CPU
		{E0818A24-162B-4F34-9EBC-C218E310036A}.Release|Any CPU.ActiveCfg = Release|Any CPU
		{E0818A24-162B-4F34-9EBC-C218E310036A}.Release|Any CPU.Build.0 = Release|Any CPU
	EndGlobalSection
	GlobalSection(SolutionProperties) = preSolution
		HideSolutionNode = FALSE
	EndGlobalSection
	GlobalSection(NestedProjects) = preSolution
		{EB34675E-63B2-48BA-8CC5-4EBAC11EFCC5} = {02EA681E-C7D8-13C7-8484-4AC65E1B71E8}
		{623DF92A-6A41-4969-9D07-3734132C1F99} = {EB34675E-63B2-48BA-8CC5-4EBAC11EFCC5}
		{4F03E9E0-B83B-44C9-89EE-7FEA589B283C} = {EB34675E-63B2-48BA-8CC5-4EBAC11EFCC5}
		{2AEA6F07-FA3C-4C26-B6E7-ECB8367177B1} = {EB34675E-63B2-48BA-8CC5-4EBAC11EFCC5}
		{32BE0156-B968-449A-A708-FD09530662DA} = {02EA681E-C7D8-13C7-8484-4AC65E1B71E8}
		{3776BD19-7DEA-429A-80A4-37DBF3D69FBF} = {32BE0156-B968-449A-A708-FD09530662DA}
		{D6413799-551B-41AC-90E7-D9B41EA3AC4F} = {32BE0156-B968-449A-A708-FD09530662DA}
		{74834360-7D3F-4B0A-A729-0A2503AD28B8} = {32BE0156-B968-449A-A708-FD09530662DA}
		{3E4B49C7-EFCF-4377-BABF-7647AAEA670A} = {02EA681E-C7D8-13C7-8484-4AC65E1B71E8}
		{E0818A24-162B-4F34-9EBC-C218E310036A} = {3E4B49C7-EFCF-4377-BABF-7647AAEA670A}
	EndGlobalSection
	GlobalSection(ExtensibilityGlobals) = postSolution
		SolutionGuid = {D3031071-2610-4050-96F8-5207CAE017F0}
	EndGlobalSection
EndGlobal
